
Microsoft Visual Studio Solution File, Format Version 12.00
# Visual Studio 2013
VisualStudioVersion = 12.0.21005.1
MinimumVisualStudioVersion = 10.0.40219.1
Project("{FAE04EC0-301F-11D3-BF4B-00C04F79EFBC}") = "GameCore", "GameCore\GameCore.csproj", "{A179EAEC-0874-4097-80B5-D32482A49594}"
EndProject
Project("{FAE04EC0-301F-11D3-BF4B-00C04F79EFBC}") = "GameTest", "GameTest\GameTest.csproj", "{0D0CA4E5-2EAF-48B0-AE3B-A9A9386D740F}"
EndProject
Global
	GlobalSection(SolutionConfigurationPlatforms) = preSolution
		Debug|Any CPU = Debug|Any CPU
		Release|Any CPU = Release|Any CPU
	EndGlobalSection
	GlobalSection(ProjectConfigurationPlatforms) = postSolution
		{A179EAEC-0874-4097-80B5-D32482A49594}.Debug|Any CPU.ActiveCfg = Debug|Any CPU
		{A179EAEC-0874-4097-80B5-D32482A49594}.Debug|Any CPU.Build.0 = Debug|Any CPU
		{A179EAEC-0874-4097-80B5-D32482A49594}.Release|Any CPU.ActiveCfg = Release|Any CPU
		{A179EAEC-0874-4097-80B5-D32482A49594}.Release|Any CPU.Build.0 = Release|Any CPU
		{0D0CA4E5-2EAF-48B0-AE3B-A9A9386D740F}.Debug|Any CPU.ActiveCfg = Debug|Any CPU
		{0D0CA4E5-2EAF-48B0-AE3B-A9A9386D740F}.Debug|Any CPU.Build.0 = Debug|Any CPU
		{0D0CA4E5-2EAF-48B0-AE3B-A9A9386D740F}.Release|Any CPU.ActiveCfg = Release|Any CPU
		{0D0CA4E5-2EAF-48B0-AE3B-A9A9386D740F}.Release|Any CPU.Build.0 = Release|Any CPU
	EndGlobalSection
	GlobalSection(SolutionProperties) = preSolution
		HideSolutionNode = FALSE
	EndGlobalSection
	GlobalSection(ExtensibilityGlobals) = postSolution
		SolutionGuid = {90E70646-D536-4D64-BCD5-D8D3B55417D4}
	EndGlobalSection
EndGlobal
